
Microsoft Visual Studio Solution File, Format Version 12.00
# Visual Studio Version 17
VisualStudioVersion = 17.3.32922.545
MinimumVisualStudioVersion = 10.0.40219.1
Project("{FAE04EC0-301F-11D3-BF4B-00C04F79EFBC}") = "RSSLibrary", "RSSLibrary\RSSLibrary.csproj", "{B445B4A4-9101-4AC7-ACAC-CCA4716906AF}"
EndProject
Project("{FAE04EC0-301F-11D3-BF4B-00C04F79EFBC}") = "RSS-MAUI", "RSS-MAUI\RSS-MAUI.csproj", "{A4CD6D68-F000-424A-9ECE-270343D2270C}"
EndProject
Global
	GlobalSection(SolutionConfigurationPlatforms) = preSolution
		Debug|Any CPU = Debug|Any CPU
		Release|Any CPU = Release|Any CPU
	EndGlobalSection
	GlobalSection(ProjectConfigurationPlatforms) = postSolution
		{B445B4A4-9101-4AC7-ACAC-CCA4716906AF}.Debug|Any CPU.ActiveCfg = Debug|Any CPU
		{B445B4A4-9101-4AC7-ACAC-CCA4716906AF}.Debug|Any CPU.Build.0 = Debug|Any CPU
		{B445B4A4-9101-4AC7-ACAC-CCA4716906AF}.Release|Any CPU.ActiveCfg = Release|Any CPU
		{B445B4A4-9101-4AC7-ACAC-CCA4716906AF}.Release|Any CPU.Build.0 = Release|Any CPU
		{A4CD6D68-F000-424A-9ECE-270343D2270C}.Debug|Any CPU.ActiveCfg = Debug|Any CPU
		{A4CD6D68-F000-424A-9ECE-270343D2270C}.Debug|Any CPU.Build.0 = Debug|Any CPU
		{A4CD6D68-F000-424A-9ECE-270343D2270C}.Debug|Any CPU.Deploy.0 = Debug|Any CPU
		{A4CD6D68-F000-424A-9ECE-270343D2270C}.Release|Any CPU.ActiveCfg = Release|Any CPU
		{A4CD6D68-F000-424A-9ECE-270343D2270C}.Release|Any CPU.Build.0 = Release|Any CPU
		{A4CD6D68-F000-424A-9ECE-270343D2270C}.Release|Any CPU.Deploy.0 = Release|Any CPU
	EndGlobalSection
	GlobalSection(SolutionProperties) = preSolution
		HideSolutionNode = FALSE
	EndGlobalSection
	GlobalSection(ExtensibilityGlobals) = postSolution
		SolutionGuid = {647FD439-1BCE-4E6F-8F91-D91A4541983E}
	EndGlobalSection
EndGlobal
